<?xml version="1.0" encoding="utf-8"?>
<Project ToolsVersion="4.0" xmlns="http://schemas.microsoft.com/developer/msbuild/2003">
  <ItemGroup>
    <Filter Include="Source Files">
      <UniqueIdentifier>{fea8fd20-7d6d-4664-a821-1ab5a29dadbd}</UniqueIdentifier>
      <Extensions>cpp;c;cxx;rc;def;r;odl;idl;hpj;bat</Extensions>
    </Filter>
    <Filter Include="Header Files">
      <UniqueIdentifier>{0ceb9aa0-672d-4a6b-bff9-345c51aab04c}</UniqueIdentifier>
      <Extensions>h;hpp;hxx;hm;inl</Extensions>
    </Filter>
    <Filter Include="Resource Files">
      <UniqueIdentifier>{d62ff6fc-7f74-443d-a048-31ef02a6f99f}</UniqueIdentifier>
      <Extensions>ico;cur;bmp;dlg;rc2;rct;bin;rgs;gif;jpg;jpeg;jpe</Extensions>
    </Filter>
  </ItemGroup>
  <ItemGroup>
    <ClCompile Include="loadlibrary.c">
      <Filter>Source Files</Filter>
    </ClCompile>
    <ClCompile Include="xmlparse.c">
      <Filter>Source Files</Filter>
    </ClCompile>
    <ClCompile Include="xmlrole.c">
      <Filter>Source Files</Filter>
    </ClCompile>
    <ClCompile Include="xmltok.c">
      <Filter>Source Files</Filter>
    </ClCompile>
    <ClCompile Include="xmltok_impl.c">
      <Filter>Source Files</Filter>
    </ClCompile>
    <ClCompile Include="xmltok_ns.c">
      <Filter>Source Files</Filter>
    </ClCompile>
  </ItemGroup>
  <ItemGroup>
    <ClInclude Include="ascii.h">
      <Filter>Header Files</Filter>
    </ClInclude>
    <ClInclude Include="asciitab.h">
      <Filter>Header Files</Filter>
    </ClInclude>
    <ClInclude Include="expat.h">
      <Filter>Header Files</Filter>
    </ClInclude>
    <ClInclude Include="expat_external.h">
      <Filter>Header Files</Filter>
    </ClInclude>
    <ClInclude Include="iasciitab.h">
      <Filter>Header Files</Filter>
    </ClInclude>
    <ClInclude Include="internal.h">
      <Filter>Header Files</Filter>
    </ClInclude>
    <ClInclude Include="latin1tab.h">
      <Filter>Header Files</Filter>
    </ClInclude>
    <ClInclude Include="nametab.h">
      <Filter>Header Files</Filter>
    </ClInclude>
    <ClInclude Include="siphash.h">
      <Filter>Header Files</Filter>
    </ClInclude>
    <ClInclude Include="utf8tab.h">
      <Filter>Header Files</Filter>
    </ClInclude>
    <ClInclude Include="xmlrole.h">
      <Filter>Header Files</Filter>
    </ClInclude>
    <ClInclude Include="xmltok.h">
      <Filter>Header Files</Filter>
    </ClInclude>
    <ClInclude Include="xmltok_impl.h">
      <Filter>Header Files</Filter>
    </ClInclude>
  </ItemGroup>
  <ItemGroup>
    <CustomBuild Include="libexpatw.def">
      <Filter>Source Files</Filter>
    </CustomBuild>
  </ItemGroup>
</Project>